// !$*UTF8*$!
{
	archiveVersion = 1;
	classes = {
	};
	objectVersion = 50;
	objects = {

/* Begin PBXBuildFile section */
		BA10D19524AE4E8C007FBCDD /* JackWeaponList.swift in Sources */ = {isa = PBXBuildFile; fileRef = BA10D19424AE4E8C007FBCDD /* JackWeaponList.swift */; };
		BA10D19724AE4F1C007FBCDD /* JackWeaponCell.swift in Sources */ = {isa = PBXBuildFile; fileRef = BA10D19624AE4F1C007FBCDD /* JackWeaponCell.swift */; };
		BA10D19924AE4F79007FBCDD /* JackWeaponInfo.swift in Sources */ = {isa = PBXBuildFile; fileRef = BA10D19824AE4F79007FBCDD /* JackWeaponInfo.swift */; };
		BA2034F424AE786E00E252A3 /* CortexView.swift in Sources */ = {isa = PBXBuildFile; fileRef = BA2034F324AE786E00E252A3 /* CortexView.swift */; };
		BA2034F524AE786E00E252A3 /* CortexView.swift in Sources */ = {isa = PBXBuildFile; fileRef = BA2034F324AE786E00E252A3 /* CortexView.swift */; };
		BA2034F724AE889A00E252A3 /* JackWeaponView.swift in Sources */ = {isa = PBXBuildFile; fileRef = BA2034F624AE889A00E252A3 /* JackWeaponView.swift */; };
		BA2034F824AE889A00E252A3 /* JackWeaponView.swift in Sources */ = {isa = PBXBuildFile; fileRef = BA2034F624AE889A00E252A3 /* JackWeaponView.swift */; };
		BA2034FA24AE929100E252A3 /* SquadBuilder.swift in Sources */ = {isa = PBXBuildFile; fileRef = BA2034F924AE929100E252A3 /* SquadBuilder.swift */; };
		BA2034FB24AE929100E252A3 /* SquadBuilder.swift in Sources */ = {isa = PBXBuildFile; fileRef = BA2034F924AE929100E252A3 /* SquadBuilder.swift */; };
		BA2034FD24AE971E00E252A3 /* AttachmentList.swift in Sources */ = {isa = PBXBuildFile; fileRef = BA2034FC24AE971E00E252A3 /* AttachmentList.swift */; };
		BA2034FE24AE971E00E252A3 /* AttachmentList.swift in Sources */ = {isa = PBXBuildFile; fileRef = BA2034FC24AE971E00E252A3 /* AttachmentList.swift */; };
		BA20351524AEE34200E252A3 /* DoneButton.swift in Sources */ = {isa = PBXBuildFile; fileRef = BA20351424AEE34200E252A3 /* DoneButton.swift */; };
		BA20351624AEE34200E252A3 /* DoneButton.swift in Sources */ = {isa = PBXBuildFile; fileRef = BA20351424AEE34200E252A3 /* DoneButton.swift */; };
		BA20352424AF031E00E252A3 /* UnitInfo.swift in Sources */ = {isa = PBXBuildFile; fileRef = BA20352324AF031E00E252A3 /* UnitInfo.swift */; };
		BA20352524AF031E00E252A3 /* UnitInfo.swift in Sources */ = {isa = PBXBuildFile; fileRef = BA20352324AF031E00E252A3 /* UnitInfo.swift */; };
		BA20352724AF05A100E252A3 /* UnitCell.swift in Sources */ = {isa = PBXBuildFile; fileRef = BA20352624AF05A100E252A3 /* UnitCell.swift */; };
		BA20352824AF05A100E252A3 /* UnitCell.swift in Sources */ = {isa = PBXBuildFile; fileRef = BA20352624AF05A100E252A3 /* UnitCell.swift */; };
		BA20352B24AF063B00E252A3 /* UnitCounter.swift in Sources */ = {isa = PBXBuildFile; fileRef = BA20352A24AF063B00E252A3 /* UnitCounter.swift */; };
		BA20352C24AF063B00E252A3 /* UnitCounter.swift in Sources */ = {isa = PBXBuildFile; fileRef = BA20352A24AF063B00E252A3 /* UnitCounter.swift */; };
		BA20352E24AF081A00E252A3 /* UnitInfoButton.swift in Sources */ = {isa = PBXBuildFile; fileRef = BA20352D24AF081A00E252A3 /* UnitInfoButton.swift */; };
		BA20352F24AF081A00E252A3 /* UnitInfoButton.swift in Sources */ = {isa = PBXBuildFile; fileRef = BA20352D24AF081A00E252A3 /* UnitInfoButton.swift */; };
		BA20353124AF0A7200E252A3 /* AttachmentCell.swift in Sources */ = {isa = PBXBuildFile; fileRef = BA20353024AF0A7200E252A3 /* AttachmentCell.swift */; };
		BA20353224AF0A7200E252A3 /* AttachmentCell.swift in Sources */ = {isa = PBXBuildFile; fileRef = BA20353024AF0A7200E252A3 /* AttachmentCell.swift */; };
		BA20353424AF0B5F00E252A3 /* AttachmentView.swift in Sources */ = {isa = PBXBuildFile; fileRef = BA20353324AF0B5F00E252A3 /* AttachmentView.swift */; };
		BA20353524AF0B5F00E252A3 /* AttachmentView.swift in Sources */ = {isa = PBXBuildFile; fileRef = BA20353324AF0B5F00E252A3 /* AttachmentView.swift */; };
		BA20353724AFFDF200E252A3 /* WeaponToggle.swift in Sources */ = {isa = PBXBuildFile; fileRef = BA20353624AFFDF200E252A3 /* WeaponToggle.swift */; };
		BA20353824AFFDF200E252A3 /* WeaponToggle.swift in Sources */ = {isa = PBXBuildFile; fileRef = BA20353624AFFDF200E252A3 /* WeaponToggle.swift */; };
		BA20353A24B0028500E252A3 /* CortexToggle.swift in Sources */ = {isa = PBXBuildFile; fileRef = BA20353924B0028500E252A3 /* CortexToggle.swift */; };
		BA20353B24B0028500E252A3 /* CortexToggle.swift in Sources */ = {isa = PBXBuildFile; fileRef = BA20353924B0028500E252A3 /* CortexToggle.swift */; };
		BA20353D24B0073E00E252A3 /* CypherToggle.swift in Sources */ = {isa = PBXBuildFile; fileRef = BA20353C24B0073E00E252A3 /* CypherToggle.swift */; };
		BA20353E24B0073E00E252A3 /* CypherToggle.swift in Sources */ = {isa = PBXBuildFile; fileRef = BA20353C24B0073E00E252A3 /* CypherToggle.swift */; };
		BA20354024B12C1B00E252A3 /* ViewModifiers.swift in Sources */ = {isa = PBXBuildFile; fileRef = BA20353F24B12C1B00E252A3 /* ViewModifiers.swift */; };
		BA20354124B12C1B00E252A3 /* ViewModifiers.swift in Sources */ = {isa = PBXBuildFile; fileRef = BA20353F24B12C1B00E252A3 /* ViewModifiers.swift */; };
		BA4F969224AAA5C100AB9F4C /* Tests_iOS.swift in Sources */ = {isa = PBXBuildFile; fileRef = BA4F969124AAA5C100AB9F4C /* Tests_iOS.swift */; };
		BA4F969D24AAA5C100AB9F4C /* Tests_macOS.swift in Sources */ = {isa = PBXBuildFile; fileRef = BA4F969C24AAA5C100AB9F4C /* Tests_macOS.swift */; };
		BA4F969F24AAA5C100AB9F4C /* VoidBarracksApp.swift in Sources */ = {isa = PBXBuildFile; fileRef = BA4F967624AAA5C000AB9F4C /* VoidBarracksApp.swift */; };
		BA4F96A024AAA5C100AB9F4C /* VoidBarracksApp.swift in Sources */ = {isa = PBXBuildFile; fileRef = BA4F967624AAA5C000AB9F4C /* VoidBarracksApp.swift */; };
		BA4F96A124AAA5C100AB9F4C /* ContentView.swift in Sources */ = {isa = PBXBuildFile; fileRef = BA4F967724AAA5C000AB9F4C /* ContentView.swift */; };
		BA4F96A224AAA5C100AB9F4C /* ContentView.swift in Sources */ = {isa = PBXBuildFile; fileRef = BA4F967724AAA5C000AB9F4C /* ContentView.swift */; };
		BA4F96B424AAA67500AB9F4C /* PersistentCloudKitContainer.swift in Sources */ = {isa = PBXBuildFile; fileRef = BA4F96B324AAA67500AB9F4C /* PersistentCloudKitContainer.swift */; };
		BA4F96B524AAA67500AB9F4C /* PersistentCloudKitContainer.swift in Sources */ = {isa = PBXBuildFile; fileRef = BA4F96B324AAA67500AB9F4C /* PersistentCloudKitContainer.swift */; };
		BA4F96B924AAA78A00AB9F4C /* AppModel.xcdatamodeld in Sources */ = {isa = PBXBuildFile; fileRef = BA4F96B724AAA78A00AB9F4C /* AppModel.xcdatamodeld */; };
		BA4F96BA24AAA78A00AB9F4C /* AppModel.xcdatamodeld in Sources */ = {isa = PBXBuildFile; fileRef = BA4F96B724AAA78A00AB9F4C /* AppModel.xcdatamodeld */; };
		BA4F96C024AABB4E00AB9F4C /* Assets.xcassets in Resources */ = {isa = PBXBuildFile; fileRef = BA4F96BF24AABB4E00AB9F4C /* Assets.xcassets */; };
		BA4F96C124AABB4E00AB9F4C /* Assets.xcassets in Resources */ = {isa = PBXBuildFile; fileRef = BA4F96BF24AABB4E00AB9F4C /* Assets.xcassets */; };
		BA4F980324AACBDA00AB9F4C /* units-alliance.json in Resources */ = {isa = PBXBuildFile; fileRef = BA4F97F924AACBD900AB9F4C /* units-alliance.json */; };
		BA4F980424AACBDA00AB9F4C /* units-alliance.json in Resources */ = {isa = PBXBuildFile; fileRef = BA4F97F924AACBD900AB9F4C /* units-alliance.json */; };
		BA4F980524AACBDA00AB9F4C /* jacks.json in Resources */ = {isa = PBXBuildFile; fileRef = BA4F97FA24AACBD900AB9F4C /* jacks.json */; };
		BA4F980624AACBDA00AB9F4C /* jacks.json in Resources */ = {isa = PBXBuildFile; fileRef = BA4F97FA24AACBD900AB9F4C /* jacks.json */; };
		BA4F980724AACBDA00AB9F4C /* units-marchers.json in Resources */ = {isa = PBXBuildFile; fileRef = BA4F97FB24AACBD900AB9F4C /* units-marchers.json */; };
		BA4F980824AACBDA00AB9F4C /* units-marchers.json in Resources */ = {isa = PBXBuildFile; fileRef = BA4F97FB24AACBD900AB9F4C /* units-marchers.json */; };
		BA4F980924AACBDA00AB9F4C /* heros.json in Resources */ = {isa = PBXBuildFile; fileRef = BA4F97FC24AACBD900AB9F4C /* heros.json */; };
		BA4F980A24AACBDA00AB9F4C /* heros.json in Resources */ = {isa = PBXBuildFile; fileRef = BA4F97FC24AACBD900AB9F4C /* heros.json */; };
		BA4F980B24AACBDA00AB9F4C /* rules.json in Resources */ = {isa = PBXBuildFile; fileRef = BA4F97FD24AACBD900AB9F4C /* rules.json */; };
		BA4F980C24AACBDA00AB9F4C /* rules.json in Resources */ = {isa = PBXBuildFile; fileRef = BA4F97FD24AACBD900AB9F4C /* rules.json */; };
		BA4F980D24AACBDA00AB9F4C /* units-continuum.json in Resources */ = {isa = PBXBuildFile; fileRef = BA4F97FE24AACBD900AB9F4C /* units-continuum.json */; };
		BA4F980E24AACBDA00AB9F4C /* units-continuum.json in Resources */ = {isa = PBXBuildFile; fileRef = BA4F97FE24AACBD900AB9F4C /* units-continuum.json */; };
		BA4F980F24AACBDA00AB9F4C /* weapons.json in Resources */ = {isa = PBXBuildFile; fileRef = BA4F97FF24AACBD900AB9F4C /* weapons.json */; };
		BA4F981024AACBDA00AB9F4C /* weapons.json in Resources */ = {isa = PBXBuildFile; fileRef = BA4F97FF24AACBD900AB9F4C /* weapons.json */; };
		BA4F981124AACBDA00AB9F4C /* factions.json in Resources */ = {isa = PBXBuildFile; fileRef = BA4F980024AACBD900AB9F4C /* factions.json */; };
		BA4F981224AACBDA00AB9F4C /* factions.json in Resources */ = {isa = PBXBuildFile; fileRef = BA4F980024AACBD900AB9F4C /* factions.json */; };
		BA4F981324AACBDA00AB9F4C /* cortex.json in Resources */ = {isa = PBXBuildFile; fileRef = BA4F980124AACBD900AB9F4C /* cortex.json */; };
		BA4F981424AACBDA00AB9F4C /* cortex.json in Resources */ = {isa = PBXBuildFile; fileRef = BA4F980124AACBD900AB9F4C /* cortex.json */; };
		BA4F981524AACBDA00AB9F4C /* cyphers.json in Resources */ = {isa = PBXBuildFile; fileRef = BA4F980224AACBDA00AB9F4C /* cyphers.json */; };
		BA4F981624AACBDA00AB9F4C /* cyphers.json in Resources */ = {isa = PBXBuildFile; fileRef = BA4F980224AACBDA00AB9F4C /* cyphers.json */; };
		BA4F987824AAD8B300AB9F4C /* LoadJson.swift in Sources */ = {isa = PBXBuildFile; fileRef = BA4F986C24AAD8B200AB9F4C /* LoadJson.swift */; };
		BA4F987924AAD8B300AB9F4C /* LoadJson.swift in Sources */ = {isa = PBXBuildFile; fileRef = BA4F986C24AAD8B200AB9F4C /* LoadJson.swift */; };
		BA4F987E24AAD8B300AB9F4C /* ULRule.swift in Sources */ = {isa = PBXBuildFile; fileRef = BA4F986F24AAD8B200AB9F4C /* ULRule.swift */; };
		BA4F987F24AAD8B300AB9F4C /* ULRule.swift in Sources */ = {isa = PBXBuildFile; fileRef = BA4F986F24AAD8B200AB9F4C /* ULRule.swift */; };
		BA4F988024AAD8B300AB9F4C /* ULweapon.swift in Sources */ = {isa = PBXBuildFile; fileRef = BA4F987024AAD8B200AB9F4C /* ULweapon.swift */; };
		BA4F988124AAD8B300AB9F4C /* ULweapon.swift in Sources */ = {isa = PBXBuildFile; fileRef = BA4F987024AAD8B200AB9F4C /* ULweapon.swift */; };
		BA4F988424AAD8B300AB9F4C /* ULunit.swift in Sources */ = {isa = PBXBuildFile; fileRef = BA4F987224AAD8B200AB9F4C /* ULunit.swift */; };
		BA4F988524AAD8B300AB9F4C /* ULunit.swift in Sources */ = {isa = PBXBuildFile; fileRef = BA4F987224AAD8B200AB9F4C /* ULunit.swift */; };
		BA4F988624AAD8B300AB9F4C /* ULCypher.swift in Sources */ = {isa = PBXBuildFile; fileRef = BA4F987324AAD8B200AB9F4C /* ULCypher.swift */; };
		BA4F988724AAD8B300AB9F4C /* ULCypher.swift in Sources */ = {isa = PBXBuildFile; fileRef = BA4F987324AAD8B200AB9F4C /* ULCypher.swift */; };
		BA4F988824AAD8B300AB9F4C /* ULCortex.swift in Sources */ = {isa = PBXBuildFile; fileRef = BA4F987424AAD8B200AB9F4C /* ULCortex.swift */; };
		BA4F988924AAD8B300AB9F4C /* ULCortex.swift in Sources */ = {isa = PBXBuildFile; fileRef = BA4F987424AAD8B200AB9F4C /* ULCortex.swift */; };
		BA4F988A24AAD8B300AB9F4C /* ULfaction.swift in Sources */ = {isa = PBXBuildFile; fileRef = BA4F987524AAD8B300AB9F4C /* ULfaction.swift */; };
		BA4F988B24AAD8B300AB9F4C /* ULfaction.swift in Sources */ = {isa = PBXBuildFile; fileRef = BA4F987524AAD8B300AB9F4C /* ULfaction.swift */; };
		BA4F988C24AAD8B300AB9F4C /* ULjacks.swift in Sources */ = {isa = PBXBuildFile; fileRef = BA4F987624AAD8B300AB9F4C /* ULjacks.swift */; };
		BA4F988D24AAD8B300AB9F4C /* ULjacks.swift in Sources */ = {isa = PBXBuildFile; fileRef = BA4F987624AAD8B300AB9F4C /* ULjacks.swift */; };
		BA4F989124AADC9F00AB9F4C /* GetJson.swift in Sources */ = {isa = PBXBuildFile; fileRef = BA4F989024AADC9F00AB9F4C /* GetJson.swift */; };
		BA4F989224AADC9F00AB9F4C /* GetJson.swift in Sources */ = {isa = PBXBuildFile; fileRef = BA4F989024AADC9F00AB9F4C /* GetJson.swift */; };
		BA4F989A24AC163100AB9F4C /* FactionPicker.swift in Sources */ = {isa = PBXBuildFile; fileRef = BA4F989924AC163100AB9F4C /* FactionPicker.swift */; };
		BA4F989B24AC163100AB9F4C /* FactionPicker.swift in Sources */ = {isa = PBXBuildFile; fileRef = BA4F989924AC163100AB9F4C /* FactionPicker.swift */; };
		BA4F98A724AC402B00AB9F4C /* HeroList.swift in Sources */ = {isa = PBXBuildFile; fileRef = BA4F98A624AC402B00AB9F4C /* HeroList.swift */; };
		BA4F98A824AC402B00AB9F4C /* HeroList.swift in Sources */ = {isa = PBXBuildFile; fileRef = BA4F98A624AC402B00AB9F4C /* HeroList.swift */; };
		BA4F98AA24AC474D00AB9F4C /* SoloList.swift in Sources */ = {isa = PBXBuildFile; fileRef = BA4F98A924AC474D00AB9F4C /* SoloList.swift */; };
		BA4F98AB24AC474D00AB9F4C /* SoloList.swift in Sources */ = {isa = PBXBuildFile; fileRef = BA4F98A924AC474D00AB9F4C /* SoloList.swift */; };
		BA4F98B024AC482700AB9F4C /* JackCell.swift in Sources */ = {isa = PBXBuildFile; fileRef = BA4F98AF24AC482700AB9F4C /* JackCell.swift */; };
		BA4F98B124AC482700AB9F4C /* JackCell.swift in Sources */ = {isa = PBXBuildFile; fileRef = BA4F98AF24AC482700AB9F4C /* JackCell.swift */; };
		BA4F98B324AC483400AB9F4C /* JackList.swift in Sources */ = {isa = PBXBuildFile; fileRef = BA4F98B224AC483400AB9F4C /* JackList.swift */; };
		BA4F98B424AC483400AB9F4C /* JackList.swift in Sources */ = {isa = PBXBuildFile; fileRef = BA4F98B224AC483400AB9F4C /* JackList.swift */; };
		BA4F98B624AC48D900AB9F4C /* SquadList.swift in Sources */ = {isa = PBXBuildFile; fileRef = BA4F98B524AC48D900AB9F4C /* SquadList.swift */; };
		BA4F98B724AC48D900AB9F4C /* SquadList.swift in Sources */ = {isa = PBXBuildFile; fileRef = BA4F98B524AC48D900AB9F4C /* SquadList.swift */; };
		BA4F98B924AC48E600AB9F4C /* SquadCell.swift in Sources */ = {isa = PBXBuildFile; fileRef = BA4F98B824AC48E600AB9F4C /* SquadCell.swift */; };
		BA4F98BA24AC48E600AB9F4C /* SquadCell.swift in Sources */ = {isa = PBXBuildFile; fileRef = BA4F98B824AC48E600AB9F4C /* SquadCell.swift */; };
		BA4F98C024AC4D0E00AB9F4C /* UnitStats.swift in Sources */ = {isa = PBXBuildFile; fileRef = BA4F98BF24AC4D0E00AB9F4C /* UnitStats.swift */; };
		BA4F98C124AC4D0E00AB9F4C /* UnitStats.swift in Sources */ = {isa = PBXBuildFile; fileRef = BA4F98BF24AC4D0E00AB9F4C /* UnitStats.swift */; };
		BA4F98C324AC543000AB9F4C /* WeaponsView.swift in Sources */ = {isa = PBXBuildFile; fileRef = BA4F98C224AC543000AB9F4C /* WeaponsView.swift */; };
		BA4F98C424AC543000AB9F4C /* WeaponsView.swift in Sources */ = {isa = PBXBuildFile; fileRef = BA4F98C224AC543000AB9F4C /* WeaponsView.swift */; };
		BA4F98C624AC585900AB9F4C /* RulesView.swift in Sources */ = {isa = PBXBuildFile; fileRef = BA4F98C524AC585900AB9F4C /* RulesView.swift */; };
		BA4F98C724AC585900AB9F4C /* RulesView.swift in Sources */ = {isa = PBXBuildFile; fileRef = BA4F98C524AC585900AB9F4C /* RulesView.swift */; };
		BA4F98CC24AC62F100AB9F4C /* CounterView.swift in Sources */ = {isa = PBXBuildFile; fileRef = BA4F98CB24AC62F100AB9F4C /* CounterView.swift */; };
		BA4F98CD24AC62F100AB9F4C /* CounterView.swift in Sources */ = {isa = PBXBuildFile; fileRef = BA4F98CB24AC62F100AB9F4C /* CounterView.swift */; };
		BA4F98D524AD0AC900AB9F4C /* Barracks.swift in Sources */ = {isa = PBXBuildFile; fileRef = BA4F98D424AD0AC900AB9F4C /* Barracks.swift */; };
		BA4F98D624AD0AC900AB9F4C /* Barracks.swift in Sources */ = {isa = PBXBuildFile; fileRef = BA4F98D424AD0AC900AB9F4C /* Barracks.swift */; };
		BA61D5A924AD21A0002F047A /* LazyLoad.swift in Sources */ = {isa = PBXBuildFile; fileRef = BA61D5A824AD21A0002F047A /* LazyLoad.swift */; };
		BA61D5AA24AD21A0002F047A /* LazyLoad.swift in Sources */ = {isa = PBXBuildFile; fileRef = BA61D5A824AD21A0002F047A /* LazyLoad.swift */; };
		BA61D5AF24AD2D4E002F047A /* DataController.swift in Sources */ = {isa = PBXBuildFile; fileRef = BA61D5AE24AD2D4E002F047A /* DataController.swift */; };
		BA61D5B024AD2D4E002F047A /* DataController.swift in Sources */ = {isa = PBXBuildFile; fileRef = BA61D5AE24AD2D4E002F047A /* DataController.swift */; };
		BAC227DD24AD982200080E97 /* ArmyBuilder.swift in Sources */ = {isa = PBXBuildFile; fileRef = BAC227DC24AD982200080E97 /* ArmyBuilder.swift */; };
		BAC227DE24AD982200080E97 /* ArmyBuilder.swift in Sources */ = {isa = PBXBuildFile; fileRef = BAC227DC24AD982200080E97 /* ArmyBuilder.swift */; };
		BAC227E124ADA2FC00080E97 /* CypherList.swift in Sources */ = {isa = PBXBuildFile; fileRef = BAC227E024ADA2FC00080E97 /* CypherList.swift */; };
		BAC227E224ADA2FC00080E97 /* CypherList.swift in Sources */ = {isa = PBXBuildFile; fileRef = BAC227E024ADA2FC00080E97 /* CypherList.swift */; };
		BAC227E424ADA30900080E97 /* CypherCell.swift in Sources */ = {isa = PBXBuildFile; fileRef = BAC227E324ADA30900080E97 /* CypherCell.swift */; };
		BAC227E524ADA30900080E97 /* CypherCell.swift in Sources */ = {isa = PBXBuildFile; fileRef = BAC227E324ADA30900080E97 /* CypherCell.swift */; };
		BAC227E724ADA31300080E97 /* CypherInfo.swift in Sources */ = {isa = PBXBuildFile; fileRef = BAC227E624ADA31300080E97 /* CypherInfo.swift */; };
		BAC227E824ADA31300080E97 /* CypherInfo.swift in Sources */ = {isa = PBXBuildFile; fileRef = BAC227E624ADA31300080E97 /* CypherInfo.swift */; };
		BAC227EA24ADA3D900080E97 /* RackBuilder.swift in Sources */ = {isa = PBXBuildFile; fileRef = BAC227E924ADA3D900080E97 /* RackBuilder.swift */; };
		BAC227EB24ADA3D900080E97 /* RackBuilder.swift in Sources */ = {isa = PBXBuildFile; fileRef = BAC227E924ADA3D900080E97 /* RackBuilder.swift */; };
		BAC227F024ADB23000080E97 /* JackBuilder.swift in Sources */ = {isa = PBXBuildFile; fileRef = BAC227EF24ADB23000080E97 /* JackBuilder.swift */; };
		BAC227F124ADB23000080E97 /* JackBuilder.swift in Sources */ = {isa = PBXBuildFile; fileRef = BAC227EF24ADB23000080E97 /* JackBuilder.swift */; };
		BAC227F724ADB63C00080E97 /* CortexList.swift in Sources */ = {isa = PBXBuildFile; fileRef = BAC227F624ADB63C00080E97 /* CortexList.swift */; };
		BAC227F824ADB63C00080E97 /* CortexList.swift in Sources */ = {isa = PBXBuildFile; fileRef = BAC227F624ADB63C00080E97 /* CortexList.swift */; };
		BAC227FB24ADB6C200080E97 /* CortexCell.swift in Sources */ = {isa = PBXBuildFile; fileRef = BAC227FA24ADB6C200080E97 /* CortexCell.swift */; };
		BAC227FC24ADB6C200080E97 /* CortexCell.swift in Sources */ = {isa = PBXBuildFile; fileRef = BAC227FA24ADB6C200080E97 /* CortexCell.swift */; };
		BAC227FE24ADB6FB00080E97 /* CortexInfo.swift in Sources */ = {isa = PBXBuildFile; fileRef = BAC227FD24ADB6FB00080E97 /* CortexInfo.swift */; };
		BAC227FF24ADB6FB00080E97 /* CortexInfo.swift in Sources */ = {isa = PBXBuildFile; fileRef = BAC227FD24ADB6FB00080E97 /* CortexInfo.swift */; };
/* End PBXBuildFile section */

/* Begin PBXContainerItemProxy section */
		BA4F968E24AAA5C100AB9F4C /* PBXContainerItemProxy */ = {
			isa = PBXContainerItemProxy;
			containerPortal = BA4F967124AAA5C000AB9F4C /* Project object */;
			proxyType = 1;
			remoteGlobalIDString = BA4F967C24AAA5C100AB9F4C;
			remoteInfo = iOS;
		};
		BA4F969924AAA5C100AB9F4C /* PBXContainerItemProxy */ = {
			isa = PBXContainerItemProxy;
			containerPortal = BA4F967124AAA5C000AB9F4C /* Project object */;
			proxyType = 1;
			remoteGlobalIDString = BA4F968424AAA5C100AB9F4C;
			remoteInfo = macOS;
		};
/* End PBXContainerItemProxy section */

/* Begin PBXFileReference section */
		BA10D19424AE4E8C007FBCDD /* JackWeaponList.swift */ = {isa = PBXFileReference; lastKnownFileType = sourcecode.swift; path = JackWeaponList.swift; sourceTree = "<group>"; };
		BA10D19624AE4F1C007FBCDD /* JackWeaponCell.swift */ = {isa = PBXFileReference; lastKnownFileType = sourcecode.swift; path = JackWeaponCell.swift; sourceTree = "<group>"; };
		BA10D19824AE4F79007FBCDD /* JackWeaponInfo.swift */ = {isa = PBXFileReference; lastKnownFileType = sourcecode.swift; path = JackWeaponInfo.swift; sourceTree = "<group>"; };
		BA2034F324AE786E00E252A3 /* CortexView.swift */ = {isa = PBXFileReference; lastKnownFileType = sourcecode.swift; path = CortexView.swift; sourceTree = "<group>"; };
		BA2034F624AE889A00E252A3 /* JackWeaponView.swift */ = {isa = PBXFileReference; lastKnownFileType = sourcecode.swift; path = JackWeaponView.swift; sourceTree = "<group>"; };
		BA2034F924AE929100E252A3 /* SquadBuilder.swift */ = {isa = PBXFileReference; lastKnownFileType = sourcecode.swift; path = SquadBuilder.swift; sourceTree = "<group>"; };
		BA2034FC24AE971E00E252A3 /* AttachmentList.swift */ = {isa = PBXFileReference; lastKnownFileType = sourcecode.swift; path = AttachmentList.swift; sourceTree = "<group>"; };
		BA20351424AEE34200E252A3 /* DoneButton.swift */ = {isa = PBXFileReference; lastKnownFileType = sourcecode.swift; path = DoneButton.swift; sourceTree = "<group>"; };
		BA20352324AF031E00E252A3 /* UnitInfo.swift */ = {isa = PBXFileReference; lastKnownFileType = sourcecode.swift; path = UnitInfo.swift; sourceTree = "<group>"; };
		BA20352624AF05A100E252A3 /* UnitCell.swift */ = {isa = PBXFileReference; lastKnownFileType = sourcecode.swift; path = UnitCell.swift; sourceTree = "<group>"; };
		BA20352A24AF063B00E252A3 /* UnitCounter.swift */ = {isa = PBXFileReference; lastKnownFileType = sourcecode.swift; path = UnitCounter.swift; sourceTree = "<group>"; };
		BA20352D24AF081A00E252A3 /* UnitInfoButton.swift */ = {isa = PBXFileReference; lastKnownFileType = sourcecode.swift; path = UnitInfoButton.swift; sourceTree = "<group>"; };
		BA20353024AF0A7200E252A3 /* AttachmentCell.swift */ = {isa = PBXFileReference; fileEncoding = 4; lastKnownFileType = sourcecode.swift; name = AttachmentCell.swift; path = Shared/AttachmentCell.swift; sourceTree = SOURCE_ROOT; };
		BA20353324AF0B5F00E252A3 /* AttachmentView.swift */ = {isa = PBXFileReference; fileEncoding = 4; lastKnownFileType = sourcecode.swift; path = AttachmentView.swift; sourceTree = "<group>"; };
		BA20353624AFFDF200E252A3 /* WeaponToggle.swift */ = {isa = PBXFileReference; lastKnownFileType = sourcecode.swift; path = WeaponToggle.swift; sourceTree = "<group>"; };
		BA20353924B0028500E252A3 /* CortexToggle.swift */ = {isa = PBXFileReference; lastKnownFileType = sourcecode.swift; path = CortexToggle.swift; sourceTree = "<group>"; };
		BA20353C24B0073E00E252A3 /* CypherToggle.swift */ = {isa = PBXFileReference; lastKnownFileType = sourcecode.swift; path = CypherToggle.swift; sourceTree = "<group>"; };
		BA20353F24B12C1B00E252A3 /* ViewModifiers.swift */ = {isa = PBXFileReference; lastKnownFileType = sourcecode.swift; path = ViewModifiers.swift; sourceTree = "<group>"; };
		BA4F967624AAA5C000AB9F4C /* VoidBarracksApp.swift */ = {isa = PBXFileReference; lastKnownFileType = sourcecode.swift; path = VoidBarracksApp.swift; sourceTree = "<group>"; };
		BA4F967724AAA5C000AB9F4C /* ContentView.swift */ = {isa = PBXFileReference; lastKnownFileType = sourcecode.swift; path = ContentView.swift; sourceTree = "<group>"; };
		BA4F967D24AAA5C100AB9F4C /* VoidBarracks.app */ = {isa = PBXFileReference; explicitFileType = wrapper.application; includeInIndex = 0; path = VoidBarracks.app; sourceTree = BUILT_PRODUCTS_DIR; };
		BA4F968024AAA5C100AB9F4C /* Info.plist */ = {isa = PBXFileReference; lastKnownFileType = text.plist.xml; path = Info.plist; sourceTree = "<group>"; };
		BA4F968524AAA5C100AB9F4C /* VoidBarracks.app */ = {isa = PBXFileReference; explicitFileType = wrapper.application; includeInIndex = 0; path = VoidBarracks.app; sourceTree = BUILT_PRODUCTS_DIR; };
		BA4F968724AAA5C100AB9F4C /* Info.plist */ = {isa = PBXFileReference; lastKnownFileType = text.plist.xml; path = Info.plist; sourceTree = "<group>"; };
		BA4F968824AAA5C100AB9F4C /* macOS.entitlements */ = {isa = PBXFileReference; lastKnownFileType = text.plist.entitlements; path = macOS.entitlements; sourceTree = "<group>"; };
		BA4F968D24AAA5C100AB9F4C /* Tests iOS.xctest */ = {isa = PBXFileReference; explicitFileType = wrapper.cfbundle; includeInIndex = 0; path = "Tests iOS.xctest"; sourceTree = BUILT_PRODUCTS_DIR; };
		BA4F969124AAA5C100AB9F4C /* Tests_iOS.swift */ = {isa = PBXFileReference; lastKnownFileType = sourcecode.swift; path = Tests_iOS.swift; sourceTree = "<group>"; };
		BA4F969324AAA5C100AB9F4C /* Info.plist */ = {isa = PBXFileReference; lastKnownFileType = text.plist.xml; path = Info.plist; sourceTree = "<group>"; };
		BA4F969824AAA5C100AB9F4C /* Tests macOS.xctest */ = {isa = PBXFileReference; explicitFileType = wrapper.cfbundle; includeInIndex = 0; path = "Tests macOS.xctest"; sourceTree = BUILT_PRODUCTS_DIR; };
		BA4F969C24AAA5C100AB9F4C /* Tests_macOS.swift */ = {isa = PBXFileReference; lastKnownFileType = sourcecode.swift; path = Tests_macOS.swift; sourceTree = "<group>"; };
		BA4F969E24AAA5C100AB9F4C /* Info.plist */ = {isa = PBXFileReference; lastKnownFileType = text.plist.xml; path = Info.plist; sourceTree = "<group>"; };
		BA4F96B324AAA67500AB9F4C /* PersistentCloudKitContainer.swift */ = {isa = PBXFileReference; lastKnownFileType = sourcecode.swift; path = PersistentCloudKitContainer.swift; sourceTree = "<group>"; };
		BA4F96B824AAA78A00AB9F4C /* User.xcdatamodel */ = {isa = PBXFileReference; lastKnownFileType = wrapper.xcdatamodel; path = User.xcdatamodel; sourceTree = "<group>"; };
		BA4F96BF24AABB4E00AB9F4C /* Assets.xcassets */ = {isa = PBXFileReference; lastKnownFileType = folder.assetcatalog; path = Assets.xcassets; sourceTree = "<group>"; };
		BA4F97F924AACBD900AB9F4C /* units-alliance.json */ = {isa = PBXFileReference; fileEncoding = 4; lastKnownFileType = text.json; path = "units-alliance.json"; sourceTree = "<group>"; };
		BA4F97FA24AACBD900AB9F4C /* jacks.json */ = {isa = PBXFileReference; fileEncoding = 4; lastKnownFileType = text.json; path = jacks.json; sourceTree = "<group>"; };
		BA4F97FB24AACBD900AB9F4C /* units-marchers.json */ = {isa = PBXFileReference; fileEncoding = 4; lastKnownFileType = text.json; path = "units-marchers.json"; sourceTree = "<group>"; };
		BA4F97FC24AACBD900AB9F4C /* heros.json */ = {isa = PBXFileReference; fileEncoding = 4; lastKnownFileType = text.json; path = heros.json; sourceTree = "<group>"; };
		BA4F97FD24AACBD900AB9F4C /* rules.json */ = {isa = PBXFileReference; fileEncoding = 4; lastKnownFileType = text.json; path = rules.json; sourceTree = "<group>"; };
		BA4F97FE24AACBD900AB9F4C /* units-continuum.json */ = {isa = PBXFileReference; fileEncoding = 4; lastKnownFileType = text.json; path = "units-continuum.json"; sourceTree = "<group>"; };
		BA4F97FF24AACBD900AB9F4C /* weapons.json */ = {isa = PBXFileReference; fileEncoding = 4; lastKnownFileType = text.json; path = weapons.json; sourceTree = "<group>"; };
		BA4F980024AACBD900AB9F4C /* factions.json */ = {isa = PBXFileReference; fileEncoding = 4; lastKnownFileType = text.json; path = factions.json; sourceTree = "<group>"; };
		BA4F980124AACBD900AB9F4C /* cortex.json */ = {isa = PBXFileReference; fileEncoding = 4; lastKnownFileType = text.json; path = cortex.json; sourceTree = "<group>"; };
		BA4F980224AACBDA00AB9F4C /* cyphers.json */ = {isa = PBXFileReference; fileEncoding = 4; lastKnownFileType = text.json; path = cyphers.json; sourceTree = "<group>"; };
		BA4F986C24AAD8B200AB9F4C /* LoadJson.swift */ = {isa = PBXFileReference; fileEncoding = 4; lastKnownFileType = sourcecode.swift; path = LoadJson.swift; sourceTree = "<group>"; };
		BA4F986F24AAD8B200AB9F4C /* ULRule.swift */ = {isa = PBXFileReference; fileEncoding = 4; lastKnownFileType = sourcecode.swift; path = ULRule.swift; sourceTree = "<group>"; };
		BA4F987024AAD8B200AB9F4C /* ULweapon.swift */ = {isa = PBXFileReference; fileEncoding = 4; lastKnownFileType = sourcecode.swift; path = ULweapon.swift; sourceTree = "<group>"; };
		BA4F987224AAD8B200AB9F4C /* ULunit.swift */ = {isa = PBXFileReference; fileEncoding = 4; lastKnownFileType = sourcecode.swift; path = ULunit.swift; sourceTree = "<group>"; };
		BA4F987324AAD8B200AB9F4C /* ULCypher.swift */ = {isa = PBXFileReference; fileEncoding = 4; lastKnownFileType = sourcecode.swift; path = ULCypher.swift; sourceTree = "<group>"; };
		BA4F987424AAD8B200AB9F4C /* ULCortex.swift */ = {isa = PBXFileReference; fileEncoding = 4; lastKnownFileType = sourcecode.swift; path = ULCortex.swift; sourceTree = "<group>"; };
		BA4F987524AAD8B300AB9F4C /* ULfaction.swift */ = {isa = PBXFileReference; fileEncoding = 4; lastKnownFileType = sourcecode.swift; path = ULfaction.swift; sourceTree = "<group>"; };
		BA4F987624AAD8B300AB9F4C /* ULjacks.swift */ = {isa = PBXFileReference; fileEncoding = 4; lastKnownFileType = sourcecode.swift; path = ULjacks.swift; sourceTree = "<group>"; };
		BA4F989024AADC9F00AB9F4C /* GetJson.swift */ = {isa = PBXFileReference; lastKnownFileType = sourcecode.swift; path = GetJson.swift; sourceTree = "<group>"; };
		BA4F989924AC163100AB9F4C /* FactionPicker.swift */ = {isa = PBXFileReference; lastKnownFileType = sourcecode.swift; path = FactionPicker.swift; sourceTree = "<group>"; };
		BA4F98A624AC402B00AB9F4C /* HeroList.swift */ = {isa = PBXFileReference; lastKnownFileType = sourcecode.swift; path = HeroList.swift; sourceTree = "<group>"; };
		BA4F98A924AC474D00AB9F4C /* SoloList.swift */ = {isa = PBXFileReference; lastKnownFileType = sourcecode.swift; path = SoloList.swift; sourceTree = "<group>"; };
		BA4F98AF24AC482700AB9F4C /* JackCell.swift */ = {isa = PBXFileReference; lastKnownFileType = sourcecode.swift; path = JackCell.swift; sourceTree = "<group>"; };
		BA4F98B224AC483400AB9F4C /* JackList.swift */ = {isa = PBXFileReference; lastKnownFileType = sourcecode.swift; path = JackList.swift; sourceTree = "<group>"; };
		BA4F98B524AC48D900AB9F4C /* SquadList.swift */ = {isa = PBXFileReference; lastKnownFileType = sourcecode.swift; path = SquadList.swift; sourceTree = "<group>"; };
		BA4F98B824AC48E600AB9F4C /* SquadCell.swift */ = {isa = PBXFileReference; lastKnownFileType = sourcecode.swift; path = SquadCell.swift; sourceTree = "<group>"; };
		BA4F98BF24AC4D0E00AB9F4C /* UnitStats.swift */ = {isa = PBXFileReference; lastKnownFileType = sourcecode.swift; path = UnitStats.swift; sourceTree = "<group>"; };
		BA4F98C224AC543000AB9F4C /* WeaponsView.swift */ = {isa = PBXFileReference; lastKnownFileType = sourcecode.swift; path = WeaponsView.swift; sourceTree = "<group>"; };
		BA4F98C524AC585900AB9F4C /* RulesView.swift */ = {isa = PBXFileReference; lastKnownFileType = sourcecode.swift; path = RulesView.swift; sourceTree = "<group>"; };
		BA4F98CB24AC62F100AB9F4C /* CounterView.swift */ = {isa = PBXFileReference; lastKnownFileType = sourcecode.swift; path = CounterView.swift; sourceTree = "<group>"; };
		BA4F98D424AD0AC900AB9F4C /* Barracks.swift */ = {isa = PBXFileReference; lastKnownFileType = sourcecode.swift; path = Barracks.swift; sourceTree = "<group>"; };
		BA61D5A824AD21A0002F047A /* LazyLoad.swift */ = {isa = PBXFileReference; lastKnownFileType = sourcecode.swift; path = LazyLoad.swift; sourceTree = "<group>"; };
		BA61D5AE24AD2D4E002F047A /* DataController.swift */ = {isa = PBXFileReference; lastKnownFileType = sourcecode.swift; path = DataController.swift; sourceTree = "<group>"; };
		BAC227DC24AD982200080E97 /* ArmyBuilder.swift */ = {isa = PBXFileReference; fileEncoding = 4; lastKnownFileType = sourcecode.swift; path = ArmyBuilder.swift; sourceTree = "<group>"; };
		BAC227E024ADA2FC00080E97 /* CypherList.swift */ = {isa = PBXFileReference; lastKnownFileType = sourcecode.swift; path = CypherList.swift; sourceTree = "<group>"; };
		BAC227E324ADA30900080E97 /* CypherCell.swift */ = {isa = PBXFileReference; lastKnownFileType = sourcecode.swift; path = CypherCell.swift; sourceTree = "<group>"; };
		BAC227E624ADA31300080E97 /* CypherInfo.swift */ = {isa = PBXFileReference; lastKnownFileType = sourcecode.swift; path = CypherInfo.swift; sourceTree = "<group>"; };
		BAC227E924ADA3D900080E97 /* RackBuilder.swift */ = {isa = PBXFileReference; lastKnownFileType = sourcecode.swift; path = RackBuilder.swift; sourceTree = "<group>"; };
		BAC227EF24ADB23000080E97 /* JackBuilder.swift */ = {isa = PBXFileReference; lastKnownFileType = sourcecode.swift; path = JackBuilder.swift; sourceTree = "<group>"; };
		BAC227F624ADB63C00080E97 /* CortexList.swift */ = {isa = PBXFileReference; lastKnownFileType = sourcecode.swift; path = CortexList.swift; sourceTree = "<group>"; };
		BAC227FA24ADB6C200080E97 /* CortexCell.swift */ = {isa = PBXFileReference; lastKnownFileType = sourcecode.swift; path = CortexCell.swift; sourceTree = "<group>"; };
		BAC227FD24ADB6FB00080E97 /* CortexInfo.swift */ = {isa = PBXFileReference; lastKnownFileType = sourcecode.swift; path = CortexInfo.swift; sourceTree = "<group>"; };
/* End PBXFileReference section */

/* Begin PBXFrameworksBuildPhase section */
		BA4F967A24AAA5C100AB9F4C /* Frameworks */ = {
			isa = PBXFrameworksBuildPhase;
			buildActionMask = 2147483647;
			files = (
			);
			runOnlyForDeploymentPostprocessing = 0;
		};
		BA4F968224AAA5C100AB9F4C /* Frameworks */ = {
			isa = PBXFrameworksBuildPhase;
			buildActionMask = 2147483647;
			files = (
			);
			runOnlyForDeploymentPostprocessing = 0;
		};
		BA4F968A24AAA5C100AB9F4C /* Frameworks */ = {
			isa = PBXFrameworksBuildPhase;
			buildActionMask = 2147483647;
			files = (
			);
			runOnlyForDeploymentPostprocessing = 0;
		};
		BA4F969524AAA5C100AB9F4C /* Frameworks */ = {
			isa = PBXFrameworksBuildPhase;
			buildActionMask = 2147483647;
			files = (
			);
			runOnlyForDeploymentPostprocessing = 0;
		};
/* End PBXFrameworksBuildPhase section */

/* Begin PBXGroup section */
		BA10D19324AE4E6E007FBCDD /* JackWeaponViews */ = {
			isa = PBXGroup;
			children = (
				BA10D19424AE4E8C007FBCDD /* JackWeaponList.swift */,
				BA10D19624AE4F1C007FBCDD /* JackWeaponCell.swift */,
				BA10D19824AE4F79007FBCDD /* JackWeaponInfo.swift */,
				BA2034F624AE889A00E252A3 /* JackWeaponView.swift */,
			);
			path = JackWeaponViews;
			sourceTree = "<group>";
		};
		BA2034FF24AE999700E252A3 /* AttachmentViews */ = {
			isa = PBXGroup;
			children = (
				BA20353324AF0B5F00E252A3 /* AttachmentView.swift */,
				BA20353024AF0A7200E252A3 /* AttachmentCell.swift */,
				BA2034FC24AE971E00E252A3 /* AttachmentList.swift */,
			);
			path = AttachmentViews;
			sourceTree = "<group>";
		};
		BA20352924AF05AF00E252A3 /* UnitViews */ = {
			isa = PBXGroup;
			children = (
				BA4F98BF24AC4D0E00AB9F4C /* UnitStats.swift */,
				BA20352324AF031E00E252A3 /* UnitInfo.swift */,
				BA20352624AF05A100E252A3 /* UnitCell.swift */,
				BA20352A24AF063B00E252A3 /* UnitCounter.swift */,
				BA20352D24AF081A00E252A3 /* UnitInfoButton.swift */,
			);
			path = UnitViews;
			sourceTree = "<group>";
		};
		BA4F967024AAA5C000AB9F4C = {
			isa = PBXGroup;
			children = (
				BA4F96B624AAA6BC00AB9F4C /* CoreData */,
				BA4F967524AAA5C000AB9F4C /* Shared */,
				BA4F967F24AAA5C100AB9F4C /* iOS */,
				BA4F968624AAA5C100AB9F4C /* macOS */,
				BA4F969024AAA5C100AB9F4C /* Tests iOS */,
				BA4F969B24AAA5C100AB9F4C /* Tests macOS */,
				BA4F967E24AAA5C100AB9F4C /* Products */,
			);
			sourceTree = "<group>";
		};
		BA4F967524AAA5C000AB9F4C /* Shared */ = {
			isa = PBXGroup;
			children = (
				BA4F98BE24AC4CC400AB9F4C /* Common */,
				BAC227DF24ADA2C500080E97 /* CypherViews */,
				BA4F989F24AC166100AB9F4C /* JackViews */,
				BA4F989E24AC165900AB9F4C /* SoloViews */,
				BA4F989D24AC164500AB9F4C /* SquadViews */,
				BA4F989C24AC163800AB9F4C /* HeroViews */,
				BAC227DC24AD982200080E97 /* ArmyBuilder.swift */,
				BA4F98D424AD0AC900AB9F4C /* Barracks.swift */,
				BA4F989924AC163100AB9F4C /* FactionPicker.swift */,
				BA4F967724AAA5C000AB9F4C /* ContentView.swift */,
				BA4F967624AAA5C000AB9F4C /* VoidBarracksApp.swift */,
				BA61D5AE24AD2D4E002F047A /* DataController.swift */,
				BA20353F24B12C1B00E252A3 /* ViewModifiers.swift */,
				BA4F96BF24AABB4E00AB9F4C /* Assets.xcassets */,
			);
			path = Shared;
			sourceTree = "<group>";
		};
		BA4F967E24AAA5C100AB9F4C /* Products */ = {
			isa = PBXGroup;
			children = (
				BA4F967D24AAA5C100AB9F4C /* VoidBarracks.app */,
				BA4F968524AAA5C100AB9F4C /* VoidBarracks.app */,
				BA4F968D24AAA5C100AB9F4C /* Tests iOS.xctest */,
				BA4F969824AAA5C100AB9F4C /* Tests macOS.xctest */,
			);
			name = Products;
			sourceTree = "<group>";
		};
		BA4F967F24AAA5C100AB9F4C /* iOS */ = {
			isa = PBXGroup;
			children = (
				BA4F968024AAA5C100AB9F4C /* Info.plist */,
			);
			path = iOS;
			sourceTree = "<group>";
		};
		BA4F968624AAA5C100AB9F4C /* macOS */ = {
			isa = PBXGroup;
			children = (
				BA4F968724AAA5C100AB9F4C /* Info.plist */,
				BA4F968824AAA5C100AB9F4C /* macOS.entitlements */,
			);
			path = macOS;
			sourceTree = "<group>";
		};
		BA4F969024AAA5C100AB9F4C /* Tests iOS */ = {
			isa = PBXGroup;
			children = (
				BA4F969124AAA5C100AB9F4C /* Tests_iOS.swift */,
				BA4F969324AAA5C100AB9F4C /* Info.plist */,
			);
			path = "Tests iOS";
			sourceTree = "<group>";
		};
		BA4F969B24AAA5C100AB9F4C /* Tests macOS */ = {
			isa = PBXGroup;
			children = (
				BA4F969C24AAA5C100AB9F4C /* Tests_macOS.swift */,
				BA4F969E24AAA5C100AB9F4C /* Info.plist */,
			);
			path = "Tests macOS";
			sourceTree = "<group>";
		};
		BA4F96B624AAA6BC00AB9F4C /* CoreData */ = {
			isa = PBXGroup;
			children = (
				BA4F986B24AAD88200AB9F4C /* jsonModels */,
				BA4F97F824AACBC200AB9F4C /* json */,
				BA4F96B724AAA78A00AB9F4C /* AppModel.xcdatamodeld */,
				BA4F96B324AAA67500AB9F4C /* PersistentCloudKitContainer.swift */,
			);
			path = CoreData;
			sourceTree = "<group>";
		};
		BA4F97F824AACBC200AB9F4C /* json */ = {
			isa = PBXGroup;
			children = (
				BA4F980124AACBD900AB9F4C /* cortex.json */,
				BA4F980224AACBDA00AB9F4C /* cyphers.json */,
				BA4F980024AACBD900AB9F4C /* factions.json */,
				BA4F97FC24AACBD900AB9F4C /* heros.json */,
				BA4F97FA24AACBD900AB9F4C /* jacks.json */,
				BA4F97FD24AACBD900AB9F4C /* rules.json */,
				BA4F97F924AACBD900AB9F4C /* units-alliance.json */,
				BA4F97FE24AACBD900AB9F4C /* units-continuum.json */,
				BA4F97FB24AACBD900AB9F4C /* units-marchers.json */,
				BA4F97FF24AACBD900AB9F4C /* weapons.json */,
			);
			path = json;
			sourceTree = "<group>";
		};
		BA4F986B24AAD88200AB9F4C /* jsonModels */ = {
			isa = PBXGroup;
			children = (
				BA4F986C24AAD8B200AB9F4C /* LoadJson.swift */,
				BA4F989024AADC9F00AB9F4C /* GetJson.swift */,
				BA4F987424AAD8B200AB9F4C /* ULCortex.swift */,
				BA4F987324AAD8B200AB9F4C /* ULCypher.swift */,
				BA4F987524AAD8B300AB9F4C /* ULfaction.swift */,
				BA4F987624AAD8B300AB9F4C /* ULjacks.swift */,
				BA4F986F24AAD8B200AB9F4C /* ULRule.swift */,
				BA4F987224AAD8B200AB9F4C /* ULunit.swift */,
				BA4F987024AAD8B200AB9F4C /* ULweapon.swift */,
			);
			path = jsonModels;
			sourceTree = "<group>";
		};
		BA4F989C24AC163800AB9F4C /* HeroViews */ = {
			isa = PBXGroup;
			children = (
				BA4F98A624AC402B00AB9F4C /* HeroList.swift */,
			);
			path = HeroViews;
			sourceTree = "<group>";
		};
		BA4F989D24AC164500AB9F4C /* SquadViews */ = {
			isa = PBXGroup;
			children = (
				BA2034FF24AE999700E252A3 /* AttachmentViews */,
				BA4F98B524AC48D900AB9F4C /* SquadList.swift */,
				BA4F98B824AC48E600AB9F4C /* SquadCell.swift */,
				BA2034F924AE929100E252A3 /* SquadBuilder.swift */,
			);
			path = SquadViews;
			sourceTree = "<group>";
		};
		BA4F989E24AC165900AB9F4C /* SoloViews */ = {
			isa = PBXGroup;
			children = (
				BA4F98A924AC474D00AB9F4C /* SoloList.swift */,
			);
			path = SoloViews;
			sourceTree = "<group>";
		};
		BA4F989F24AC166100AB9F4C /* JackViews */ = {
			isa = PBXGroup;
			children = (
				BA10D19324AE4E6E007FBCDD /* JackWeaponViews */,
				BAC227F524ADB62000080E97 /* CortexViews */,
				BA4F98B224AC483400AB9F4C /* JackList.swift */,
				BA4F98AF24AC482700AB9F4C /* JackCell.swift */,
				BAC227EF24ADB23000080E97 /* JackBuilder.swift */,
			);
			path = JackViews;
			sourceTree = "<group>";
		};
		BA4F98BE24AC4CC400AB9F4C /* Common */ = {
			isa = PBXGroup;
			children = (
				BA20352924AF05AF00E252A3 /* UnitViews */,
				BA4F98C224AC543000AB9F4C /* WeaponsView.swift */,
				BA20353624AFFDF200E252A3 /* WeaponToggle.swift */,
				BA4F98C524AC585900AB9F4C /* RulesView.swift */,
				BA4F98CB24AC62F100AB9F4C /* CounterView.swift */,
				BA61D5A824AD21A0002F047A /* LazyLoad.swift */,
				BA20351424AEE34200E252A3 /* DoneButton.swift */,
			);
			path = Common;
			sourceTree = "<group>";
		};
		BAC227DF24ADA2C500080E97 /* CypherViews */ = {
			isa = PBXGroup;
			children = (
				BAC227E624ADA31300080E97 /* CypherInfo.swift */,
				BAC227E324ADA30900080E97 /* CypherCell.swift */,
				BAC227E024ADA2FC00080E97 /* CypherList.swift */,
				BA20353C24B0073E00E252A3 /* CypherToggle.swift */,
				BAC227E924ADA3D900080E97 /* RackBuilder.swift */,
			);
			path = CypherViews;
			sourceTree = "<group>";
		};
		BAC227F524ADB62000080E97 /* CortexViews */ = {
			isa = PBXGroup;
			children = (
				BAC227F624ADB63C00080E97 /* CortexList.swift */,
				BAC227FA24ADB6C200080E97 /* CortexCell.swift */,
				BAC227FD24ADB6FB00080E97 /* CortexInfo.swift */,
				BA2034F324AE786E00E252A3 /* CortexView.swift */,
				BA20353924B0028500E252A3 /* CortexToggle.swift */,
			);
			path = CortexViews;
			sourceTree = "<group>";
		};
/* End PBXGroup section */

/* Begin PBXNativeTarget section */
		BA4F967C24AAA5C100AB9F4C /* iOS */ = {
			isa = PBXNativeTarget;
			buildConfigurationList = BA4F96A724AAA5C100AB9F4C /* Build configuration list for PBXNativeTarget "iOS" */;
			buildPhases = (
				BA4F967924AAA5C100AB9F4C /* Sources */,
				BA4F967A24AAA5C100AB9F4C /* Frameworks */,
				BA4F967B24AAA5C100AB9F4C /* Resources */,
			);
			buildRules = (
			);
			dependencies = (
			);
			name = iOS;
			productName = iOS;
			productReference = BA4F967D24AAA5C100AB9F4C /* VoidBarracks.app */;
			productType = "com.apple.product-type.application";
		};
		BA4F968424AAA5C100AB9F4C /* macOS */ = {
			isa = PBXNativeTarget;
			buildConfigurationList = BA4F96AA24AAA5C100AB9F4C /* Build configuration list for PBXNativeTarget "macOS" */;
			buildPhases = (
				BA4F968124AAA5C100AB9F4C /* Sources */,
				BA4F968224AAA5C100AB9F4C /* Frameworks */,
				BA4F968324AAA5C100AB9F4C /* Resources */,
			);
			buildRules = (
			);
			dependencies = (
			);
			name = macOS;
			productName = macOS;
			productReference = BA4F968524AAA5C100AB9F4C /* VoidBarracks.app */;
			productType = "com.apple.product-type.application";
		};
		BA4F968C24AAA5C100AB9F4C /* Tests iOS */ = {
			isa = PBXNativeTarget;
			buildConfigurationList = BA4F96AD24AAA5C100AB9F4C /* Build configuration list for PBXNativeTarget "Tests iOS" */;
			buildPhases = (
				BA4F968924AAA5C100AB9F4C /* Sources */,
				BA4F968A24AAA5C100AB9F4C /* Frameworks */,
				BA4F968B24AAA5C100AB9F4C /* Resources */,
			);
			buildRules = (
			);
			dependencies = (
				BA4F968F24AAA5C100AB9F4C /* PBXTargetDependency */,
			);
			name = "Tests iOS";
			productName = "Tests iOS";
			productReference = BA4F968D24AAA5C100AB9F4C /* Tests iOS.xctest */;
			productType = "com.apple.product-type.bundle.ui-testing";
		};
		BA4F969724AAA5C100AB9F4C /* Tests macOS */ = {
			isa = PBXNativeTarget;
			buildConfigurationList = BA4F96B024AAA5C100AB9F4C /* Build configuration list for PBXNativeTarget "Tests macOS" */;
			buildPhases = (
				BA4F969424AAA5C100AB9F4C /* Sources */,
				BA4F969524AAA5C100AB9F4C /* Frameworks */,
				BA4F969624AAA5C100AB9F4C /* Resources */,
			);
			buildRules = (
			);
			dependencies = (
				BA4F969A24AAA5C100AB9F4C /* PBXTargetDependency */,
			);
			name = "Tests macOS";
			productName = "Tests macOS";
			productReference = BA4F969824AAA5C100AB9F4C /* Tests macOS.xctest */;
			productType = "com.apple.product-type.bundle.ui-testing";
		};
/* End PBXNativeTarget section */

/* Begin PBXProject section */
		BA4F967124AAA5C000AB9F4C /* Project object */ = {
			isa = PBXProject;
			attributes = {
				LastSwiftUpdateCheck = 1200;
				LastUpgradeCheck = 1200;
				TargetAttributes = {
					BA4F967C24AAA5C100AB9F4C = {
						CreatedOnToolsVersion = 12.0;
					};
					BA4F968424AAA5C100AB9F4C = {
						CreatedOnToolsVersion = 12.0;
					};
					BA4F968C24AAA5C100AB9F4C = {
						CreatedOnToolsVersion = 12.0;
						TestTargetID = BA4F967C24AAA5C100AB9F4C;
					};
					BA4F969724AAA5C100AB9F4C = {
						CreatedOnToolsVersion = 12.0;
						TestTargetID = BA4F968424AAA5C100AB9F4C;
					};
				};
			};
			buildConfigurationList = BA4F967424AAA5C000AB9F4C /* Build configuration list for PBXProject "VoidBarracks" */;
			compatibilityVersion = "Xcode 9.3";
			developmentRegion = en;
			hasScannedForEncodings = 0;
			knownRegions = (
				en,
				Base,
			);
			mainGroup = BA4F967024AAA5C000AB9F4C;
			productRefGroup = BA4F967E24AAA5C100AB9F4C /* Products */;
			projectDirPath = "";
			projectRoot = "";
			targets = (
				BA4F967C24AAA5C100AB9F4C /* iOS */,
				BA4F968424AAA5C100AB9F4C /* macOS */,
				BA4F968C24AAA5C100AB9F4C /* Tests iOS */,
				BA4F969724AAA5C100AB9F4C /* Tests macOS */,
			);
		};
/* End PBXProject section */

/* Begin PBXResourcesBuildPhase section */
		BA4F967B24AAA5C100AB9F4C /* Resources */ = {
			isa = PBXResourcesBuildPhase;
			buildActionMask = 2147483647;
			files = (
				BA4F980724AACBDA00AB9F4C /* units-marchers.json in Resources */,
				BA4F980F24AACBDA00AB9F4C /* weapons.json in Resources */,
				BA4F981524AACBDA00AB9F4C /* cyphers.json in Resources */,
				BA4F980924AACBDA00AB9F4C /* heros.json in Resources */,
				BA4F980324AACBDA00AB9F4C /* units-alliance.json in Resources */,
				BA4F980B24AACBDA00AB9F4C /* rules.json in Resources */,
				BA4F980D24AACBDA00AB9F4C /* units-continuum.json in Resources */,
				BA4F981324AACBDA00AB9F4C /* cortex.json in Resources */,
				BA4F980524AACBDA00AB9F4C /* jacks.json in Resources */,
				BA4F981124AACBDA00AB9F4C /* factions.json in Resources */,
				BA4F96C024AABB4E00AB9F4C /* Assets.xcassets in Resources */,
			);
			runOnlyForDeploymentPostprocessing = 0;
		};
		BA4F968324AAA5C100AB9F4C /* Resources */ = {
			isa = PBXResourcesBuildPhase;
			buildActionMask = 2147483647;
			files = (
				BA4F980824AACBDA00AB9F4C /* units-marchers.json in Resources */,
				BA4F981024AACBDA00AB9F4C /* weapons.json in Resources */,
				BA4F981624AACBDA00AB9F4C /* cyphers.json in Resources */,
				BA4F980A24AACBDA00AB9F4C /* heros.json in Resources */,
				BA4F980424AACBDA00AB9F4C /* units-alliance.json in Resources */,
				BA4F980C24AACBDA00AB9F4C /* rules.json in Resources */,
				BA4F980E24AACBDA00AB9F4C /* units-continuum.json in Resources */,
				BA4F981424AACBDA00AB9F4C /* cortex.json in Resources */,
				BA4F980624AACBDA00AB9F4C /* jacks.json in Resources */,
				BA4F981224AACBDA00AB9F4C /* factions.json in Resources */,
				BA4F96C124AABB4E00AB9F4C /* Assets.xcassets in Resources */,
			);
			runOnlyForDeploymentPostprocessing = 0;
		};
		BA4F968B24AAA5C100AB9F4C /* Resources */ = {
			isa = PBXResourcesBuildPhase;
			buildActionMask = 2147483647;
			files = (
			);
			runOnlyForDeploymentPostprocessing = 0;
		};
		BA4F969624AAA5C100AB9F4C /* Resources */ = {
			isa = PBXResourcesBuildPhase;
			buildActionMask = 2147483647;
			files = (
			);
			runOnlyForDeploymentPostprocessing = 0;
		};
/* End PBXResourcesBuildPhase section */

/* Begin PBXSourcesBuildPhase section */
		BA4F967924AAA5C100AB9F4C /* Sources */ = {
			isa = PBXSourcesBuildPhase;
			buildActionMask = 2147483647;
			files = (
				BA4F987E24AAD8B300AB9F4C /* ULRule.swift in Sources */,
				BA4F98B324AC483400AB9F4C /* JackList.swift in Sources */,
				BAC227F024ADB23000080E97 /* JackBuilder.swift in Sources */,
				BA20351524AEE34200E252A3 /* DoneButton.swift in Sources */,
				BA20352724AF05A100E252A3 /* UnitCell.swift in Sources */,
				BA20352E24AF081A00E252A3 /* UnitInfoButton.swift in Sources */,
				BA4F988824AAD8B300AB9F4C /* ULCortex.swift in Sources */,
				BA4F988624AAD8B300AB9F4C /* ULCypher.swift in Sources */,
				BA4F96B924AAA78A00AB9F4C /* AppModel.xcdatamodeld in Sources */,
				BA61D5AF24AD2D4E002F047A /* DataController.swift in Sources */,
				BA4F98C324AC543000AB9F4C /* WeaponsView.swift in Sources */,
				BA20353424AF0B5F00E252A3 /* AttachmentView.swift in Sources */,
				BAC227E724ADA31300080E97 /* CypherInfo.swift in Sources */,
				BA4F98AA24AC474D00AB9F4C /* SoloList.swift in Sources */,
				BA4F988024AAD8B300AB9F4C /* ULweapon.swift in Sources */,
				BA4F988A24AAD8B300AB9F4C /* ULfaction.swift in Sources */,
				BA61D5A924AD21A0002F047A /* LazyLoad.swift in Sources */,
				BA10D19924AE4F79007FBCDD /* JackWeaponInfo.swift in Sources */,
				BAC227DD24AD982200080E97 /* ArmyBuilder.swift in Sources */,
				BA20354024B12C1B00E252A3 /* ViewModifiers.swift in Sources */,
				BA4F989124AADC9F00AB9F4C /* GetJson.swift in Sources */,
				BA4F98B024AC482700AB9F4C /* JackCell.swift in Sources */,
				BA20353D24B0073E00E252A3 /* CypherToggle.swift in Sources */,
				BA4F98B624AC48D900AB9F4C /* SquadList.swift in Sources */,
				BA2034FA24AE929100E252A3 /* SquadBuilder.swift in Sources */,
				BA4F98D524AD0AC900AB9F4C /* Barracks.swift in Sources */,
				BA4F96A124AAA5C100AB9F4C /* ContentView.swift in Sources */,
				BA4F987824AAD8B300AB9F4C /* LoadJson.swift in Sources */,
				BA4F98C024AC4D0E00AB9F4C /* UnitStats.swift in Sources */,
				BA20353124AF0A7200E252A3 /* AttachmentCell.swift in Sources */,
				BAC227EA24ADA3D900080E97 /* RackBuilder.swift in Sources */,
				BA4F98CC24AC62F100AB9F4C /* CounterView.swift in Sources */,
				BAC227E124ADA2FC00080E97 /* CypherList.swift in Sources */,
				BAC227FB24ADB6C200080E97 /* CortexCell.swift in Sources */,
				BA4F98A724AC402B00AB9F4C /* HeroList.swift in Sources */,
				BA4F969F24AAA5C100AB9F4C /* VoidBarracksApp.swift in Sources */,
				BA20353A24B0028500E252A3 /* CortexToggle.swift in Sources */,
				BA10D19724AE4F1C007FBCDD /* JackWeaponCell.swift in Sources */,
				BA2034F424AE786E00E252A3 /* CortexView.swift in Sources */,
				BA20352424AF031E00E252A3 /* UnitInfo.swift in Sources */,
				BAC227F724ADB63C00080E97 /* CortexList.swift in Sources */,
				BAC227FE24ADB6FB00080E97 /* CortexInfo.swift in Sources */,
				BA10D19524AE4E8C007FBCDD /* JackWeaponList.swift in Sources */,
				BA4F96B424AAA67500AB9F4C /* PersistentCloudKitContainer.swift in Sources */,
				BA4F988424AAD8B300AB9F4C /* ULunit.swift in Sources */,
				BA4F98C624AC585900AB9F4C /* RulesView.swift in Sources */,
				BA2034FD24AE971E00E252A3 /* AttachmentList.swift in Sources */,
				BA20353724AFFDF200E252A3 /* WeaponToggle.swift in Sources */,
				BA20352B24AF063B00E252A3 /* UnitCounter.swift in Sources */,
				BA4F989A24AC163100AB9F4C /* FactionPicker.swift in Sources */,
				BA2034F724AE889A00E252A3 /* JackWeaponView.swift in Sources */,
				BA4F98B924AC48E600AB9F4C /* SquadCell.swift in Sources */,
				BAC227E424ADA30900080E97 /* CypherCell.swift in Sources */,
				BA4F988C24AAD8B300AB9F4C /* ULjacks.swift in Sources */,
			);
			runOnlyForDeploymentPostprocessing = 0;
		};
		BA4F968124AAA5C100AB9F4C /* Sources */ = {
			isa = PBXSourcesBuildPhase;
			buildActionMask = 2147483647;
			files = (
				BA4F987F24AAD8B300AB9F4C /* ULRule.swift in Sources */,
				BA2034FB24AE929100E252A3 /* SquadBuilder.swift in Sources */,
				BA4F98B424AC483400AB9F4C /* JackList.swift in Sources */,
				BAC227F124ADB23000080E97 /* JackBuilder.swift in Sources */,
				BA4F988924AAD8B300AB9F4C /* ULCortex.swift in Sources */,
				BA2034FE24AE971E00E252A3 /* AttachmentList.swift in Sources */,
				BA4F988724AAD8B300AB9F4C /* ULCypher.swift in Sources */,
				BA4F96BA24AAA78A00AB9F4C /* AppModel.xcdatamodeld in Sources */,
				BA61D5B024AD2D4E002F047A /* DataController.swift in Sources */,
				BA4F98C424AC543000AB9F4C /* WeaponsView.swift in Sources */,
				BAC227E824ADA31300080E97 /* CypherInfo.swift in Sources */,
				BA4F98AB24AC474D00AB9F4C /* SoloList.swift in Sources */,
				BA4F988124AAD8B300AB9F4C /* ULweapon.swift in Sources */,
				BA4F988B24AAD8B300AB9F4C /* ULfaction.swift in Sources */,
				BA61D5AA24AD21A0002F047A /* LazyLoad.swift in Sources */,
				BAC227DE24AD982200080E97 /* ArmyBuilder.swift in Sources */,
				BA4F989224AADC9F00AB9F4C /* GetJson.swift in Sources */,
				BA20353524AF0B5F00E252A3 /* AttachmentView.swift in Sources */,
				BA4F98B124AC482700AB9F4C /* JackCell.swift in Sources */,
				BA4F98B724AC48D900AB9F4C /* SquadList.swift in Sources */,
				BA4F98D624AD0AC900AB9F4C /* Barracks.swift in Sources */,
				BA20353224AF0A7200E252A3 /* AttachmentCell.swift in Sources */,
				BA20354124B12C1B00E252A3 /* ViewModifiers.swift in Sources */,
				BA4F96A224AAA5C100AB9F4C /* ContentView.swift in Sources */,
				BA20352824AF05A100E252A3 /* UnitCell.swift in Sources */,
				BA20353E24B0073E00E252A3 /* CypherToggle.swift in Sources */,
				BA2034F524AE786E00E252A3 /* CortexView.swift in Sources */,
				BA4F987924AAD8B300AB9F4C /* LoadJson.swift in Sources */,
				BA4F98C124AC4D0E00AB9F4C /* UnitStats.swift in Sources */,
				BAC227EB24ADA3D900080E97 /* RackBuilder.swift in Sources */,
				BA4F98CD24AC62F100AB9F4C /* CounterView.swift in Sources */,
				BAC227E224ADA2FC00080E97 /* CypherList.swift in Sources */,
				BAC227FC24ADB6C200080E97 /* CortexCell.swift in Sources */,
				BA2034F824AE889A00E252A3 /* JackWeaponView.swift in Sources */,
				BA4F98A824AC402B00AB9F4C /* HeroList.swift in Sources */,
				BA20352C24AF063B00E252A3 /* UnitCounter.swift in Sources */,
				BA20353824AFFDF200E252A3 /* WeaponToggle.swift in Sources */,
				BA20353B24B0028500E252A3 /* CortexToggle.swift in Sources */,
				BA4F96A024AAA5C100AB9F4C /* VoidBarracksApp.swift in Sources */,
				BAC227F824ADB63C00080E97 /* CortexList.swift in Sources */,
				BA20352524AF031E00E252A3 /* UnitInfo.swift in Sources */,
				BAC227FF24ADB6FB00080E97 /* CortexInfo.swift in Sources */,
				BA4F96B524AAA67500AB9F4C /* PersistentCloudKitContainer.swift in Sources */,
				BA20352F24AF081A00E252A3 /* UnitInfoButton.swift in Sources */,
				BA4F988524AAD8B300AB9F4C /* ULunit.swift in Sources */,
				BA4F98C724AC585900AB9F4C /* RulesView.swift in Sources */,
				BA4F989B24AC163100AB9F4C /* FactionPicker.swift in Sources */,
				BA4F98BA24AC48E600AB9F4C /* SquadCell.swift in Sources */,
				BA20351624AEE34200E252A3 /* DoneButton.swift in Sources */,
				BAC227E524ADA30900080E97 /* CypherCell.swift in Sources */,
				BA4F988D24AAD8B300AB9F4C /* ULjacks.swift in Sources */,
			);
			runOnlyForDeploymentPostprocessing = 0;
		};
		BA4F968924AAA5C100AB9F4C /* Sources */ = {
			isa = PBXSourcesBuildPhase;
			buildActionMask = 2147483647;
			files = (
				BA4F969224AAA5C100AB9F4C /* Tests_iOS.swift in Sources */,
			);
			runOnlyForDeploymentPostprocessing = 0;
		};
		BA4F969424AAA5C100AB9F4C /* Sources */ = {
			isa = PBXSourcesBuildPhase;
			buildActionMask = 2147483647;
			files = (
				BA4F969D24AAA5C100AB9F4C /* Tests_macOS.swift in Sources */,
			);
			runOnlyForDeploymentPostprocessing = 0;
		};
/* End PBXSourcesBuildPhase section */

/* Begin PBXTargetDependency section */
		BA4F968F24AAA5C100AB9F4C /* PBXTargetDependency */ = {
			isa = PBXTargetDependency;
			target = BA4F967C24AAA5C100AB9F4C /* iOS */;
			targetProxy = BA4F968E24AAA5C100AB9F4C /* PBXContainerItemProxy */;
		};
		BA4F969A24AAA5C100AB9F4C /* PBXTargetDependency */ = {
			isa = PBXTargetDependency;
			target = BA4F968424AAA5C100AB9F4C /* macOS */;
			targetProxy = BA4F969924AAA5C100AB9F4C /* PBXContainerItemProxy */;
		};
/* End PBXTargetDependency section */

/* Begin XCBuildConfiguration section */
		BA4F96A524AAA5C100AB9F4C /* Debug */ = {
			isa = XCBuildConfiguration;
			buildSettings = {
				ALWAYS_SEARCH_USER_PATHS = NO;
				CLANG_ANALYZER_NONNULL = YES;
				CLANG_ANALYZER_NUMBER_OBJECT_CONVERSION = YES_AGGRESSIVE;
				CLANG_CXX_LANGUAGE_STANDARD = "gnu++14";
				CLANG_CXX_LIBRARY = "libc++";
				CLANG_ENABLE_MODULES = YES;
				CLANG_ENABLE_OBJC_ARC = YES;
				CLANG_ENABLE_OBJC_WEAK = YES;
				CLANG_WARN_BLOCK_CAPTURE_AUTORELEASING = YES;
				CLANG_WARN_BOOL_CONVERSION = YES;
				CLANG_WARN_COMMA = YES;
				CLANG_WARN_CONSTANT_CONVERSION = YES;
				CLANG_WARN_DEPRECATED_OBJC_IMPLEMENTATIONS = YES;
				CLANG_WARN_DIRECT_OBJC_ISA_USAGE = YES_ERROR;
				CLANG_WARN_DOCUMENTATION_COMMENTS = YES;
				CLANG_WARN_EMPTY_BODY = YES;
				CLANG_WARN_ENUM_CONVERSION = YES;
				CLANG_WARN_INFINITE_RECURSION = YES;
				CLANG_WARN_INT_CONVERSION = YES;
				CLANG_WARN_NON_LITERAL_NULL_CONVERSION = YES;
				CLANG_WARN_OBJC_IMPLICIT_RETAIN_SELF = YES;
				CLANG_WARN_OBJC_LITERAL_CONVERSION = YES;
				CLANG_WARN_OBJC_ROOT_CLASS = YES_ERROR;
				CLANG_WARN_QUOTED_INCLUDE_IN_FRAMEWORK_HEADER = YES;
				CLANG_WARN_RANGE_LOOP_ANALYSIS = YES;
				CLANG_WARN_STRICT_PROTOTYPES = YES;
				CLANG_WARN_SUSPICIOUS_MOVE = YES;
				CLANG_WARN_UNGUARDED_AVAILABILITY = YES_AGGRESSIVE;
				CLANG_WARN_UNREACHABLE_CODE = YES;
				CLANG_WARN__DUPLICATE_METHOD_MATCH = YES;
				COPY_PHASE_STRIP = NO;
				DEBUG_INFORMATION_FORMAT = dwarf;
				ENABLE_STRICT_OBJC_MSGSEND = YES;
				ENABLE_TESTABILITY = YES;
				GCC_C_LANGUAGE_STANDARD = gnu11;
				GCC_DYNAMIC_NO_PIC = NO;
				GCC_NO_COMMON_BLOCKS = YES;
				GCC_OPTIMIZATION_LEVEL = 0;
				GCC_PREPROCESSOR_DEFINITIONS = (
					"DEBUG=1",
					"$(inherited)",
				);
				GCC_WARN_64_TO_32_BIT_CONVERSION = YES;
				GCC_WARN_ABOUT_RETURN_TYPE = YES_ERROR;
				GCC_WARN_UNDECLARED_SELECTOR = YES;
				GCC_WARN_UNINITIALIZED_AUTOS = YES_AGGRESSIVE;
				GCC_WARN_UNUSED_FUNCTION = YES;
				GCC_WARN_UNUSED_VARIABLE = YES;
				MTL_ENABLE_DEBUG_INFO = INCLUDE_SOURCE;
				MTL_FAST_MATH = YES;
				ONLY_ACTIVE_ARCH = YES;
				SWIFT_ACTIVE_COMPILATION_CONDITIONS = DEBUG;
				SWIFT_OPTIMIZATION_LEVEL = "-Onone";
			};
			name = Debug;
		};
		BA4F96A624AAA5C100AB9F4C /* Release */ = {
			isa = XCBuildConfiguration;
			buildSettings = {
				ALWAYS_SEARCH_USER_PATHS = NO;
				CLANG_ANALYZER_NONNULL = YES;
				CLANG_ANALYZER_NUMBER_OBJECT_CONVERSION = YES_AGGRESSIVE;
				CLANG_CXX_LANGUAGE_STANDARD = "gnu++14";
				CLANG_CXX_LIBRARY = "libc++";
				CLANG_ENABLE_MODULES = YES;
				CLANG_ENABLE_OBJC_ARC = YES;
				CLANG_ENABLE_OBJC_WEAK = YES;
				CLANG_WARN_BLOCK_CAPTURE_AUTORELEASING = YES;
				CLANG_WARN_BOOL_CONVERSION = YES;
				CLANG_WARN_COMMA = YES;
				CLANG_WARN_CONSTANT_CONVERSION = YES;
				CLANG_WARN_DEPRECATED_OBJC_IMPLEMENTATIONS = YES;
				CLANG_WARN_DIRECT_OBJC_ISA_USAGE = YES_ERROR;
				CLANG_WARN_DOCUMENTATION_COMMENTS = YES;
				CLANG_WARN_EMPTY_BODY = YES;
				CLANG_WARN_ENUM_CONVERSION = YES;
				CLANG_WARN_INFINITE_RECURSION = YES;
				CLANG_WARN_INT_CONVERSION = YES;
				CLANG_WARN_NON_LITERAL_NULL_CONVERSION = YES;
				CLANG_WARN_OBJC_IMPLICIT_RETAIN_SELF = YES;
				CLANG_WARN_OBJC_LITERAL_CONVERSION = YES;
				CLANG_WARN_OBJC_ROOT_CLASS = YES_ERROR;
				CLANG_WARN_QUOTED_INCLUDE_IN_FRAMEWORK_HEADER = YES;
				CLANG_WARN_RANGE_LOOP_ANALYSIS = YES;
				CLANG_WARN_STRICT_PROTOTYPES = YES;
				CLANG_WARN_SUSPICIOUS_MOVE = YES;
				CLANG_WARN_UNGUARDED_AVAILABILITY = YES_AGGRESSIVE;
				CLANG_WARN_UNREACHABLE_CODE = YES;
				CLANG_WARN__DUPLICATE_METHOD_MATCH = YES;
				COPY_PHASE_STRIP = NO;
				DEBUG_INFORMATION_FORMAT = "dwarf-with-dsym";
				ENABLE_NS_ASSERTIONS = NO;
				ENABLE_STRICT_OBJC_MSGSEND = YES;
				GCC_C_LANGUAGE_STANDARD = gnu11;
				GCC_NO_COMMON_BLOCKS = YES;
				GCC_WARN_64_TO_32_BIT_CONVERSION = YES;
				GCC_WARN_ABOUT_RETURN_TYPE = YES_ERROR;
				GCC_WARN_UNDECLARED_SELECTOR = YES;
				GCC_WARN_UNINITIALIZED_AUTOS = YES_AGGRESSIVE;
				GCC_WARN_UNUSED_FUNCTION = YES;
				GCC_WARN_UNUSED_VARIABLE = YES;
				MTL_ENABLE_DEBUG_INFO = NO;
				MTL_FAST_MATH = YES;
				SWIFT_COMPILATION_MODE = wholemodule;
				SWIFT_OPTIMIZATION_LEVEL = "-O";
			};
			name = Release;
		};
		BA4F96A824AAA5C100AB9F4C /* Debug */ = {
			isa = XCBuildConfiguration;
			buildSettings = {
				ASSETCATALOG_COMPILER_APPICON_NAME = AppIcon;
				ASSETCATALOG_COMPILER_GLOBAL_ACCENT_COLOR_NAME = AccentColor;
				CODE_SIGN_STYLE = Automatic;
				DEVELOPMENT_TEAM = AXA7K5CJZ2;
				ENABLE_PREVIEWS = YES;
				INFOPLIST_FILE = iOS/Info.plist;
				IPHONEOS_DEPLOYMENT_TARGET = 14.0;
				LD_RUNPATH_SEARCH_PATHS = (
					"$(inherited)",
					"@executable_path/Frameworks",
				);
				PRODUCT_BUNDLE_IDENTIFIER = tan.VoidBarracks;
				PRODUCT_NAME = VoidBarracks;
				SDKROOT = iphoneos;
				SWIFT_VERSION = 5.0;
				TARGETED_DEVICE_FAMILY = "1,2";
			};
			name = Debug;
		};
		BA4F96A924AAA5C100AB9F4C /* Release */ = {
			isa = XCBuildConfiguration;
			buildSettings = {
				ASSETCATALOG_COMPILER_APPICON_NAME = AppIcon;
				ASSETCATALOG_COMPILER_GLOBAL_ACCENT_COLOR_NAME = AccentColor;
				CODE_SIGN_STYLE = Automatic;
				DEVELOPMENT_TEAM = AXA7K5CJZ2;
				ENABLE_PREVIEWS = YES;
				INFOPLIST_FILE = iOS/Info.plist;
				IPHONEOS_DEPLOYMENT_TARGET = 14.0;
				LD_RUNPATH_SEARCH_PATHS = (
					"$(inherited)",
					"@executable_path/Frameworks",
				);
				PRODUCT_BUNDLE_IDENTIFIER = tan.VoidBarracks;
				PRODUCT_NAME = VoidBarracks;
				SDKROOT = iphoneos;
				SWIFT_VERSION = 5.0;
				TARGETED_DEVICE_FAMILY = "1,2";
				VALIDATE_PRODUCT = YES;
			};
			name = Release;
		};
		BA4F96AB24AAA5C100AB9F4C /* Debug */ = {
			isa = XCBuildConfiguration;
			buildSettings = {
				ASSETCATALOG_COMPILER_APPICON_NAME = AppIcon;
				ASSETCATALOG_COMPILER_GLOBAL_ACCENT_COLOR_NAME = AccentColor;
				CODE_SIGN_ENTITLEMENTS = macOS/macOS.entitlements;
				CODE_SIGN_STYLE = Automatic;
				COMBINE_HIDPI_IMAGES = YES;
				DEVELOPMENT_TEAM = AXA7K5CJZ2;
				ENABLE_HARDENED_RUNTIME = YES;
				ENABLE_PREVIEWS = YES;
				INFOPLIST_FILE = macOS/Info.plist;
				LD_RUNPATH_SEARCH_PATHS = (
					"$(inherited)",
					"@executable_path/../Frameworks",
				);
				MACOSX_DEPLOYMENT_TARGET = 10.16;
				PRODUCT_BUNDLE_IDENTIFIER = tan.VoidBarracks;
				PRODUCT_NAME = VoidBarracks;
				SDKROOT = macosx;
				SWIFT_VERSION = 5.0;
			};
			name = Debug;
		};
		BA4F96AC24AAA5C100AB9F4C /* Release */ = {
			isa = XCBuildConfiguration;
			buildSettings = {
				ASSETCATALOG_COMPILER_APPICON_NAME = AppIcon;
				ASSETCATALOG_COMPILER_GLOBAL_ACCENT_COLOR_NAME = AccentColor;
				CODE_SIGN_ENTITLEMENTS = macOS/macOS.entitlements;
				CODE_SIGN_STYLE = Automatic;
				COMBINE_HIDPI_IMAGES = YES;
				DEVELOPMENT_TEAM = AXA7K5CJZ2;
				ENABLE_HARDENED_RUNTIME = YES;
				ENABLE_PREVIEWS = YES;
				INFOPLIST_FILE = macOS/Info.plist;
				LD_RUNPATH_SEARCH_PATHS = (
					"$(inherited)",
					"@executable_path/../Frameworks",
				);
				MACOSX_DEPLOYMENT_TARGET = 10.16;
				PRODUCT_BUNDLE_IDENTIFIER = tan.VoidBarracks;
				PRODUCT_NAME = VoidBarracks;
				SDKROOT = macosx;
				SWIFT_VERSION = 5.0;
			};
			name = Release;
		};
		BA4F96AE24AAA5C100AB9F4C /* Debug */ = {
			isa = XCBuildConfiguration;
			buildSettings = {
				ALWAYS_EMBED_SWIFT_STANDARD_LIBRARIES = YES;
				CODE_SIGN_STYLE = Automatic;
				DEVELOPMENT_TEAM = AXA7K5CJZ2;
				INFOPLIST_FILE = "Tests iOS/Info.plist";
				IPHONEOS_DEPLOYMENT_TARGET = 14.0;
				LD_RUNPATH_SEARCH_PATHS = (
					"$(inherited)",
					"@executable_path/Frameworks",
					"@loader_path/Frameworks",
				);
				PRODUCT_BUNDLE_IDENTIFIER = "tan.Tests-iOS";
				PRODUCT_NAME = "$(TARGET_NAME)";
				SDKROOT = iphoneos;
				SWIFT_VERSION = 5.0;
				TARGETED_DEVICE_FAMILY = "1,2";
				TEST_TARGET_NAME = iOS;
			};
			name = Debug;
		};
		BA4F96AF24AAA5C100AB9F4C /* Release */ = {
			isa = XCBuildConfiguration;
			buildSettings = {
				ALWAYS_EMBED_SWIFT_STANDARD_LIBRARIES = YES;
				CODE_SIGN_STYLE = Automatic;
				DEVELOPMENT_TEAM = AXA7K5CJZ2;
				INFOPLIST_FILE = "Tests iOS/Info.plist";
				IPHONEOS_DEPLOYMENT_TARGET = 14.0;
				LD_RUNPATH_SEARCH_PATHS = (
					"$(inherited)",
					"@executable_path/Frameworks",
					"@loader_path/Frameworks",
				);
				PRODUCT_BUNDLE_IDENTIFIER = "tan.Tests-iOS";
				PRODUCT_NAME = "$(TARGET_NAME)";
				SDKROOT = iphoneos;
				SWIFT_VERSION = 5.0;
				TARGETED_DEVICE_FAMILY = "1,2";
				TEST_TARGET_NAME = iOS;
				VALIDATE_PRODUCT = YES;
			};
			name = Release;
		};
		BA4F96B124AAA5C100AB9F4C /* Debug */ = {
			isa = XCBuildConfiguration;
			buildSettings = {
				ALWAYS_EMBED_SWIFT_STANDARD_LIBRARIES = YES;
				CODE_SIGN_STYLE = Automatic;
				COMBINE_HIDPI_IMAGES = YES;
				DEVELOPMENT_TEAM = AXA7K5CJZ2;
				INFOPLIST_FILE = "Tests macOS/Info.plist";
				LD_RUNPATH_SEARCH_PATHS = (
					"$(inherited)",
					"@executable_path/../Frameworks",
					"@loader_path/../Frameworks",
				);
				MACOSX_DEPLOYMENT_TARGET = 10.16;
				PRODUCT_BUNDLE_IDENTIFIER = "tan.Tests-macOS";
				PRODUCT_NAME = "$(TARGET_NAME)";
				SDKROOT = macosx;
				SWIFT_VERSION = 5.0;
				TEST_TARGET_NAME = macOS;
			};
			name = Debug;
		};
		BA4F96B224AAA5C100AB9F4C /* Release */ = {
			isa = XCBuildConfiguration;
			buildSettings = {
				ALWAYS_EMBED_SWIFT_STANDARD_LIBRARIES = YES;
				CODE_SIGN_STYLE = Automatic;
				COMBINE_HIDPI_IMAGES = YES;
				DEVELOPMENT_TEAM = AXA7K5CJZ2;
				INFOPLIST_FILE = "Tests macOS/Info.plist";
				LD_RUNPATH_SEARCH_PATHS = (
					"$(inherited)",
					"@executable_path/../Frameworks",
					"@loader_path/../Frameworks",
				);
				MACOSX_DEPLOYMENT_TARGET = 10.16;
				PRODUCT_BUNDLE_IDENTIFIER = "tan.Tests-macOS";
				PRODUCT_NAME = "$(TARGET_NAME)";
				SDKROOT = macosx;
				SWIFT_VERSION = 5.0;
				TEST_TARGET_NAME = macOS;
			};
			name = Release;
		};
/* End XCBuildConfiguration section */

/* Begin XCConfigurationList section */
		BA4F967424AAA5C000AB9F4C /* Build configuration list for PBXProject "VoidBarracks" */ = {
			isa = XCConfigurationList;
			buildConfigurations = (
				BA4F96A524AAA5C100AB9F4C /* Debug */,
				BA4F96A624AAA5C100AB9F4C /* Release */,
			);
			defaultConfigurationIsVisible = 0;
			defaultConfigurationName = Release;
		};
		BA4F96A724AAA5C100AB9F4C /* Build configuration list for PBXNativeTarget "iOS" */ = {
			isa = XCConfigurationList;
			buildConfigurations = (
				BA4F96A824AAA5C100AB9F4C /* Debug */,
				BA4F96A924AAA5C100AB9F4C /* Release */,
			);
			defaultConfigurationIsVisible = 0;
			defaultConfigurationName = Release;
		};
		BA4F96AA24AAA5C100AB9F4C /* Build configuration list for PBXNativeTarget "macOS" */ = {
			isa = XCConfigurationList;
			buildConfigurations = (
				BA4F96AB24AAA5C100AB9F4C /* Debug */,
				BA4F96AC24AAA5C100AB9F4C /* Release */,
			);
			defaultConfigurationIsVisible = 0;
			defaultConfigurationName = Release;
		};
		BA4F96AD24AAA5C100AB9F4C /* Build configuration list for PBXNativeTarget "Tests iOS" */ = {
			isa = XCConfigurationList;
			buildConfigurations = (
				BA4F96AE24AAA5C100AB9F4C /* Debug */,
				BA4F96AF24AAA5C100AB9F4C /* Release */,
			);
			defaultConfigurationIsVisible = 0;
			defaultConfigurationName = Release;
		};
		BA4F96B024AAA5C100AB9F4C /* Build configuration list for PBXNativeTarget "Tests macOS" */ = {
			isa = XCConfigurationList;
			buildConfigurations = (
				BA4F96B124AAA5C100AB9F4C /* Debug */,
				BA4F96B224AAA5C100AB9F4C /* Release */,
			);
			defaultConfigurationIsVisible = 0;
			defaultConfigurationName = Release;
		};
/* End XCConfigurationList section */

/* Begin XCVersionGroup section */
		BA4F96B724AAA78A00AB9F4C /* AppModel.xcdatamodeld */ = {
			isa = XCVersionGroup;
			children = (
				BA4F96B824AAA78A00AB9F4C /* User.xcdatamodel */,
			);
			currentVersion = BA4F96B824AAA78A00AB9F4C /* User.xcdatamodel */;
			path = AppModel.xcdatamodeld;
			sourceTree = "<group>";
			versionGroupType = wrapper.xcdatamodel;
		};
/* End XCVersionGroup section */
	};
	rootObject = BA4F967124AAA5C000AB9F4C /* Project object */;
}
